// !$*UTF8*$!
{
	archiveVersion = 1;
	classes = {
	};
	objectVersion = 56;
	objects = {

/* Begin PBXBuildFile section */
		96349E442C23ED5E0097529D /* AppDelegate.swift in Sources */ = {isa = PBXBuildFile; fileRef = 96349E432C23ED5E0097529D /* AppDelegate.swift */; };
		96349E462C23ED5E0097529D /* SceneDelegate.swift in Sources */ = {isa = PBXBuildFile; fileRef = 96349E452C23ED5E0097529D /* SceneDelegate.swift */; };
		96349E4D2C23ED5F0097529D /* Assets.xcassets in Resources */ = {isa = PBXBuildFile; fileRef = 96349E4C2C23ED5F0097529D /* Assets.xcassets */; };
		96349E502C23ED5F0097529D /* Base in Resources */ = {isa = PBXBuildFile; fileRef = 96349E4F2C23ED5F0097529D /* Base */; };
		96349E582C23F2FB0097529D /* SearchVC.swift in Sources */ = {isa = PBXBuildFile; fileRef = 96349E572C23F2FB0097529D /* SearchVC.swift */; };
		96349E5A2C23F3250097529D /* FavoritesListVC.swift in Sources */ = {isa = PBXBuildFile; fileRef = 96349E592C23F3250097529D /* FavoritesListVC.swift */; };
		96349E5C2C2451400097529D /* GFButton.swift in Sources */ = {isa = PBXBuildFile; fileRef = 96349E5B2C2451400097529D /* GFButton.swift */; };
		96349E5E2C2453930097529D /* GFTextField.swift in Sources */ = {isa = PBXBuildFile; fileRef = 96349E5D2C2453930097529D /* GFTextField.swift */; };
		9675A9662C2525F700D486EA /* FollowerListVC.swift in Sources */ = {isa = PBXBuildFile; fileRef = 9675A9652C2525F700D486EA /* FollowerListVC.swift */; };
		9675A9682C25556A00D486EA /* GFTitleLabel.swift in Sources */ = {isa = PBXBuildFile; fileRef = 9675A9672C25556A00D486EA /* GFTitleLabel.swift */; };
		9675A96A2C2556BD00D486EA /* GFBodyLabel.swift in Sources */ = {isa = PBXBuildFile; fileRef = 9675A9692C2556BD00D486EA /* GFBodyLabel.swift */; };
		9675A96C2C26833E00D486EA /* GFAlertVC.swift in Sources */ = {isa = PBXBuildFile; fileRef = 9675A96B2C26833E00D486EA /* GFAlertVC.swift */; };
		9675A96E2C26889500D486EA /* UIViewController+Extension.swift in Sources */ = {isa = PBXBuildFile; fileRef = 9675A96D2C26889500D486EA /* UIViewController+Extension.swift */; };
		96FC064C2C27F5C900DD41D8 /* Follower.swift in Sources */ = {isa = PBXBuildFile; fileRef = 96FC064B2C27F5C900DD41D8 /* Follower.swift */; };
		96FC064E2C27F68D00DD41D8 /* User.swift in Sources */ = {isa = PBXBuildFile; fileRef = 96FC064D2C27F68D00DD41D8 /* User.swift */; };
		96FC06532C27F99100DD41D8 /* NetworkManager.swift in Sources */ = {isa = PBXBuildFile; fileRef = 96FC06522C27F99100DD41D8 /* NetworkManager.swift */; };
		96FC06562C2823E500DD41D8 /* GFError.swift in Sources */ = {isa = PBXBuildFile; fileRef = 96FC06552C2823E500DD41D8 /* GFError.swift */; };
		96FC06592C292B8400DD41D8 /* FollowerCell.swift in Sources */ = {isa = PBXBuildFile; fileRef = 96FC06582C292B8400DD41D8 /* FollowerCell.swift */; };
		96FC065B2C292C6900DD41D8 /* GFAvatarImageView.swift in Sources */ = {isa = PBXBuildFile; fileRef = 96FC065A2C292C6900DD41D8 /* GFAvatarImageView.swift */; };
		96FC065D2C2AF9C900DD41D8 /* UIHelper.swift in Sources */ = {isa = PBXBuildFile; fileRef = 96FC065C2C2AF9C900DD41D8 /* UIHelper.swift */; };
/* End PBXBuildFile section */

/* Begin PBXFileReference section */
		96349E402C23ED5E0097529D /* GHFollowers.app */ = {isa = PBXFileReference; explicitFileType = wrapper.application; includeInIndex = 0; path = GHFollowers.app; sourceTree = BUILT_PRODUCTS_DIR; };
		96349E432C23ED5E0097529D /* AppDelegate.swift */ = {isa = PBXFileReference; lastKnownFileType = sourcecode.swift; path = AppDelegate.swift; sourceTree = "<group>"; };
		96349E452C23ED5E0097529D /* SceneDelegate.swift */ = {isa = PBXFileReference; lastKnownFileType = sourcecode.swift; path = SceneDelegate.swift; sourceTree = "<group>"; };
		96349E4C2C23ED5F0097529D /* Assets.xcassets */ = {isa = PBXFileReference; lastKnownFileType = folder.assetcatalog; path = Assets.xcassets; sourceTree = "<group>"; };
		96349E4F2C23ED5F0097529D /* Base */ = {isa = PBXFileReference; lastKnownFileType = file.storyboard; name = Base; path = Base.lproj/LaunchScreen.storyboard; sourceTree = "<group>"; };
		96349E512C23ED5F0097529D /* Info.plist */ = {isa = PBXFileReference; lastKnownFileType = text.plist.xml; path = Info.plist; sourceTree = "<group>"; };
		96349E572C23F2FB0097529D /* SearchVC.swift */ = {isa = PBXFileReference; lastKnownFileType = sourcecode.swift; path = SearchVC.swift; sourceTree = "<group>"; };
		96349E592C23F3250097529D /* FavoritesListVC.swift */ = {isa = PBXFileReference; lastKnownFileType = sourcecode.swift; path = FavoritesListVC.swift; sourceTree = "<group>"; };
		96349E5B2C2451400097529D /* GFButton.swift */ = {isa = PBXFileReference; lastKnownFileType = sourcecode.swift; path = GFButton.swift; sourceTree = "<group>"; };
		96349E5D2C2453930097529D /* GFTextField.swift */ = {isa = PBXFileReference; lastKnownFileType = sourcecode.swift; path = GFTextField.swift; sourceTree = "<group>"; };
		9675A9652C2525F700D486EA /* FollowerListVC.swift */ = {isa = PBXFileReference; lastKnownFileType = sourcecode.swift; path = FollowerListVC.swift; sourceTree = "<group>"; };
		9675A9672C25556A00D486EA /* GFTitleLabel.swift */ = {isa = PBXFileReference; lastKnownFileType = sourcecode.swift; path = GFTitleLabel.swift; sourceTree = "<group>"; };
		9675A9692C2556BD00D486EA /* GFBodyLabel.swift */ = {isa = PBXFileReference; lastKnownFileType = sourcecode.swift; path = GFBodyLabel.swift; sourceTree = "<group>"; };
		9675A96B2C26833E00D486EA /* GFAlertVC.swift */ = {isa = PBXFileReference; lastKnownFileType = sourcecode.swift; path = GFAlertVC.swift; sourceTree = "<group>"; };
		9675A96D2C26889500D486EA /* UIViewController+Extension.swift */ = {isa = PBXFileReference; lastKnownFileType = sourcecode.swift; path = "UIViewController+Extension.swift"; sourceTree = "<group>"; };
		96FC064B2C27F5C900DD41D8 /* Follower.swift */ = {isa = PBXFileReference; lastKnownFileType = sourcecode.swift; path = Follower.swift; sourceTree = "<group>"; };
		96FC064D2C27F68D00DD41D8 /* User.swift */ = {isa = PBXFileReference; lastKnownFileType = sourcecode.swift; path = User.swift; sourceTree = "<group>"; };
		96FC06522C27F99100DD41D8 /* NetworkManager.swift */ = {isa = PBXFileReference; lastKnownFileType = sourcecode.swift; path = NetworkManager.swift; sourceTree = "<group>"; };
		96FC06552C2823E500DD41D8 /* GFError.swift */ = {isa = PBXFileReference; lastKnownFileType = sourcecode.swift; path = GFError.swift; sourceTree = "<group>"; };
		96FC06582C292B8400DD41D8 /* FollowerCell.swift */ = {isa = PBXFileReference; lastKnownFileType = sourcecode.swift; path = FollowerCell.swift; sourceTree = "<group>"; };
		96FC065A2C292C6900DD41D8 /* GFAvatarImageView.swift */ = {isa = PBXFileReference; lastKnownFileType = sourcecode.swift; path = GFAvatarImageView.swift; sourceTree = "<group>"; };
		96FC065C2C2AF9C900DD41D8 /* UIHelper.swift */ = {isa = PBXFileReference; lastKnownFileType = sourcecode.swift; path = UIHelper.swift; sourceTree = "<group>"; };
/* End PBXFileReference section */

/* Begin PBXFrameworksBuildPhase section */
		96349E3D2C23ED5E0097529D /* Frameworks */ = {
			isa = PBXFrameworksBuildPhase;
			buildActionMask = 2147483647;
			files = (
			);
			runOnlyForDeploymentPostprocessing = 0;
		};
/* End PBXFrameworksBuildPhase section */

/* Begin PBXGroup section */
		96349E372C23ED5E0097529D = {
			isa = PBXGroup;
			children = (
				96349E422C23ED5E0097529D /* GHFollowers */,
				96349E412C23ED5E0097529D /* Products */,
			);
			sourceTree = "<group>";
		};
		96349E412C23ED5E0097529D /* Products */ = {
			isa = PBXGroup;
			children = (
				96349E402C23ED5E0097529D /* GHFollowers.app */,
			);
			name = Products;
			sourceTree = "<group>";
		};
		96349E422C23ED5E0097529D /* GHFollowers */ = {
			isa = PBXGroup;
			children = (
				96FC06542C28233500DD41D8 /* Utilities */,
				96FC06512C27F93100DD41D8 /* Managers */,
				96FC064A2C27F5B800DD41D8 /* Model */,
				96FC06482C27CA3500DD41D8 /* Extensions */,
				96FC06472C27CA2300DD41D8 /* Custom Views */,
				96FC06462C27CA0400DD41D8 /* Screens */,
				96FC06492C27CA3700DD41D8 /* Support */,
				96349E512C23ED5F0097529D /* Info.plist */,
			);
			path = GHFollowers;
			sourceTree = "<group>";
		};
		96FC06462C27CA0400DD41D8 /* Screens */ = {
			isa = PBXGroup;
			children = (
				96349E572C23F2FB0097529D /* SearchVC.swift */,
				9675A9652C2525F700D486EA /* FollowerListVC.swift */,
				96349E592C23F3250097529D /* FavoritesListVC.swift */,
			);
			path = Screens;
			sourceTree = "<group>";
		};
		96FC06472C27CA2300DD41D8 /* Custom Views */ = {
			isa = PBXGroup;
			children = (
				96FC06572C292B6A00DD41D8 /* Cells */,
				9675A96B2C26833E00D486EA /* GFAlertVC.swift */,
				9675A9692C2556BD00D486EA /* GFBodyLabel.swift */,
				9675A9672C25556A00D486EA /* GFTitleLabel.swift */,
				96349E5D2C2453930097529D /* GFTextField.swift */,
				96349E5B2C2451400097529D /* GFButton.swift */,
				96FC065A2C292C6900DD41D8 /* GFAvatarImageView.swift */,
			);
			path = "Custom Views";
			sourceTree = "<group>";
		};
		96FC06482C27CA3500DD41D8 /* Extensions */ = {
			isa = PBXGroup;
			children = (
				9675A96D2C26889500D486EA /* UIViewController+Extension.swift */,
			);
			path = Extensions;
			sourceTree = "<group>";
		};
		96FC06492C27CA3700DD41D8 /* Support */ = {
			isa = PBXGroup;
			children = (
				96349E432C23ED5E0097529D /* AppDelegate.swift */,
				96349E452C23ED5E0097529D /* SceneDelegate.swift */,
				96349E4C2C23ED5F0097529D /* Assets.xcassets */,
				96349E4E2C23ED5F0097529D /* LaunchScreen.storyboard */,
			);
			path = Support;
			sourceTree = "<group>";
		};
		96FC064A2C27F5B800DD41D8 /* Model */ = {
			isa = PBXGroup;
			children = (
				96FC064B2C27F5C900DD41D8 /* Follower.swift */,
				96FC064D2C27F68D00DD41D8 /* User.swift */,
			);
			path = Model;
			sourceTree = "<group>";
		};
		96FC06512C27F93100DD41D8 /* Managers */ = {
			isa = PBXGroup;
			children = (
				96FC06522C27F99100DD41D8 /* NetworkManager.swift */,
			);
			path = Managers;
			sourceTree = "<group>";
		};
		96FC06542C28233500DD41D8 /* Utilities */ = {
			isa = PBXGroup;
			children = (
				96FC06552C2823E500DD41D8 /* GFError.swift */,
				96FC065C2C2AF9C900DD41D8 /* UIHelper.swift */,
			);
			path = Utilities;
			sourceTree = "<group>";
		};
		96FC06572C292B6A00DD41D8 /* Cells */ = {
			isa = PBXGroup;
			children = (
				96FC06582C292B8400DD41D8 /* FollowerCell.swift */,
			);
			path = Cells;
			sourceTree = "<group>";
		};
/* End PBXGroup section */

/* Begin PBXNativeTarget section */
		96349E3F2C23ED5E0097529D /* GHFollowers */ = {
			isa = PBXNativeTarget;
			buildConfigurationList = 96349E542C23ED5F0097529D /* Build configuration list for PBXNativeTarget "GHFollowers" */;
			buildPhases = (
				96349E3C2C23ED5E0097529D /* Sources */,
				96349E3D2C23ED5E0097529D /* Frameworks */,
				96349E3E2C23ED5E0097529D /* Resources */,
			);
			buildRules = (
			);
			dependencies = (
			);
			name = GHFollowers;
			productName = GHFollowers;
			productReference = 96349E402C23ED5E0097529D /* GHFollowers.app */;
			productType = "com.apple.product-type.application";
		};
/* End PBXNativeTarget section */

/* Begin PBXProject section */
		96349E382C23ED5E0097529D /* Project object */ = {
			isa = PBXProject;
			attributes = {
				BuildIndependentTargetsInParallel = 1;
				LastSwiftUpdateCheck = 1540;
				LastUpgradeCheck = 1540;
				TargetAttributes = {
					96349E3F2C23ED5E0097529D = {
						CreatedOnToolsVersion = 15.4;
					};
				};
			};
			buildConfigurationList = 96349E3B2C23ED5E0097529D /* Build configuration list for PBXProject "GHFollowers" */;
			compatibilityVersion = "Xcode 14.0";
			developmentRegion = en;
			hasScannedForEncodings = 0;
			knownRegions = (
				en,
				Base,
			);
			mainGroup = 96349E372C23ED5E0097529D;
			productRefGroup = 96349E412C23ED5E0097529D /* Products */;
			projectDirPath = "";
			projectRoot = "";
			targets = (
				96349E3F2C23ED5E0097529D /* GHFollowers */,
			);
		};
/* End PBXProject section */

/* Begin PBXResourcesBuildPhase section */
		96349E3E2C23ED5E0097529D /* Resources */ = {
			isa = PBXResourcesBuildPhase;
			buildActionMask = 2147483647;
			files = (
				96349E4D2C23ED5F0097529D /* Assets.xcassets in Resources */,
				96349E502C23ED5F0097529D /* Base in Resources */,
			);
			runOnlyForDeploymentPostprocessing = 0;
		};
/* End PBXResourcesBuildPhase section */

/* Begin PBXSourcesBuildPhase section */
		96349E3C2C23ED5E0097529D /* Sources */ = {
			isa = PBXSourcesBuildPhase;
			buildActionMask = 2147483647;
			files = (
				96FC064E2C27F68D00DD41D8 /* User.swift in Sources */,
				96349E5E2C2453930097529D /* GFTextField.swift in Sources */,
				9675A96E2C26889500D486EA /* UIViewController+Extension.swift in Sources */,
				96349E582C23F2FB0097529D /* SearchVC.swift in Sources */,
				96349E5C2C2451400097529D /* GFButton.swift in Sources */,
				96FC065D2C2AF9C900DD41D8 /* UIHelper.swift in Sources */,
				96FC065B2C292C6900DD41D8 /* GFAvatarImageView.swift in Sources */,
				96349E442C23ED5E0097529D /* AppDelegate.swift in Sources */,
				9675A96C2C26833E00D486EA /* GFAlertVC.swift in Sources */,
				96FC06592C292B8400DD41D8 /* FollowerCell.swift in Sources */,
				96FC06562C2823E500DD41D8 /* GFError.swift in Sources */,
				9675A96A2C2556BD00D486EA /* GFBodyLabel.swift in Sources */,
				96FC064C2C27F5C900DD41D8 /* Follower.swift in Sources */,
				9675A9682C25556A00D486EA /* GFTitleLabel.swift in Sources */,
				96FC06532C27F99100DD41D8 /* NetworkManager.swift in Sources */,
				9675A9662C2525F700D486EA /* FollowerListVC.swift in Sources */,
				96349E5A2C23F3250097529D /* FavoritesListVC.swift in Sources */,
				96349E462C23ED5E0097529D /* SceneDelegate.swift in Sources */,
			);
			runOnlyForDeploymentPostprocessing = 0;
		};
/* End PBXSourcesBuildPhase section */

/* Begin PBXVariantGroup section */
		96349E4E2C23ED5F0097529D /* LaunchScreen.storyboard */ = {
			isa = PBXVariantGroup;
			children = (
				96349E4F2C23ED5F0097529D /* Base */,
			);
			name = LaunchScreen.storyboard;
			sourceTree = "<group>";
		};
/* End PBXVariantGroup section */

/* Begin XCBuildConfiguration section */
		96349E522C23ED5F0097529D /* Debug */ = {
			isa = XCBuildConfiguration;
			buildSettings = {
				ALWAYS_SEARCH_USER_PATHS = NO;
				ASSETCATALOG_COMPILER_GENERATE_SWIFT_ASSET_SYMBOL_EXTENSIONS = YES;
				CLANG_ANALYZER_NONNULL = YES;
				CLANG_ANALYZER_NUMBER_OBJECT_CONVERSION = YES_AGGRESSIVE;
				CLANG_CXX_LANGUAGE_STANDARD = "gnu++20";
				CLANG_ENABLE_MODULES = YES;
				CLANG_ENABLE_OBJC_ARC = YES;
				CLANG_ENABLE_OBJC_WEAK = YES;
				CLANG_WARN_BLOCK_CAPTURE_AUTORELEASING = YES;
				CLANG_WARN_BOOL_CONVERSION = YES;
				CLANG_WARN_COMMA = YES;
				CLANG_WARN_CONSTANT_CONVERSION = YES;
				CLANG_WARN_DEPRECATED_OBJC_IMPLEMENTATIONS = YES;
				CLANG_WARN_DIRECT_OBJC_ISA_USAGE = YES_ERROR;
				CLANG_WARN_DOCUMENTATION_COMMENTS = YES;
				CLANG_WARN_EMPTY_BODY = YES;
				CLANG_WARN_ENUM_CONVERSION = YES;
				CLANG_WARN_INFINITE_RECURSION = YES;
				CLANG_WARN_INT_CONVERSION = YES;
				CLANG_WARN_NON_LITERAL_NULL_CONVERSION = YES;
				CLANG_WARN_OBJC_IMPLICIT_RETAIN_SELF = YES;
				CLANG_WARN_OBJC_LITERAL_CONVERSION = YES;
				CLANG_WARN_OBJC_ROOT_CLASS = YES_ERROR;
				CLANG_WARN_QUOTED_INCLUDE_IN_FRAMEWORK_HEADER = YES;
				CLANG_WARN_RANGE_LOOP_ANALYSIS = YES;
				CLANG_WARN_STRICT_PROTOTYPES = YES;
				CLANG_WARN_SUSPICIOUS_MOVE = YES;
				CLANG_WARN_UNGUARDED_AVAILABILITY = YES_AGGRESSIVE;
				CLANG_WARN_UNREACHABLE_CODE = YES;
				CLANG_WARN__DUPLICATE_METHOD_MATCH = YES;
				COPY_PHASE_STRIP = NO;
				DEBUG_INFORMATION_FORMAT = dwarf;
				ENABLE_STRICT_OBJC_MSGSEND = YES;
				ENABLE_TESTABILITY = YES;
				ENABLE_USER_SCRIPT_SANDBOXING = YES;
				GCC_C_LANGUAGE_STANDARD = gnu17;
				GCC_DYNAMIC_NO_PIC = NO;
				GCC_NO_COMMON_BLOCKS = YES;
				GCC_OPTIMIZATION_LEVEL = 0;
				GCC_PREPROCESSOR_DEFINITIONS = (
					"DEBUG=1",
					"$(inherited)",
				);
				GCC_WARN_64_TO_32_BIT_CONVERSION = YES;
				GCC_WARN_ABOUT_RETURN_TYPE = YES_ERROR;
				GCC_WARN_UNDECLARED_SELECTOR = YES;
				GCC_WARN_UNINITIALIZED_AUTOS = YES_AGGRESSIVE;
				GCC_WARN_UNUSED_FUNCTION = YES;
				GCC_WARN_UNUSED_VARIABLE = YES;
				IPHONEOS_DEPLOYMENT_TARGET = 17.5;
				LOCALIZATION_PREFERS_STRING_CATALOGS = YES;
				MTL_ENABLE_DEBUG_INFO = INCLUDE_SOURCE;
				MTL_FAST_MATH = YES;
				ONLY_ACTIVE_ARCH = YES;
				SDKROOT = iphoneos;
				SWIFT_ACTIVE_COMPILATION_CONDITIONS = "DEBUG $(inherited)";
				SWIFT_OPTIMIZATION_LEVEL = "-Onone";
			};
			name = Debug;
		};
		96349E532C23ED5F0097529D /* Release */ = {
			isa = XCBuildConfiguration;
			buildSettings = {
				ALWAYS_SEARCH_USER_PATHS = NO;
				ASSETCATALOG_COMPILER_GENERATE_SWIFT_ASSET_SYMBOL_EXTENSIONS = YES;
				CLANG_ANALYZER_NONNULL = YES;
				CLANG_ANALYZER_NUMBER_OBJECT_CONVERSION = YES_AGGRESSIVE;
				CLANG_CXX_LANGUAGE_STANDARD = "gnu++20";
				CLANG_ENABLE_MODULES = YES;
				CLANG_ENABLE_OBJC_ARC = YES;
				CLANG_ENABLE_OBJC_WEAK = YES;
				CLANG_WARN_BLOCK_CAPTURE_AUTORELEASING = YES;
				CLANG_WARN_BOOL_CONVERSION = YES;
				CLANG_WARN_COMMA = YES;
				CLANG_WARN_CONSTANT_CONVERSION = YES;
				CLANG_WARN_DEPRECATED_OBJC_IMPLEMENTATIONS = YES;
				CLANG_WARN_DIRECT_OBJC_ISA_USAGE = YES_ERROR;
				CLANG_WARN_DOCUMENTATION_COMMENTS = YES;
				CLANG_WARN_EMPTY_BODY = YES;
				CLANG_WARN_ENUM_CONVERSION = YES;
				CLANG_WARN_INFINITE_RECURSION = YES;
				CLANG_WARN_INT_CONVERSION = YES;
				CLANG_WARN_NON_LITERAL_NULL_CONVERSION = YES;
				CLANG_WARN_OBJC_IMPLICIT_RETAIN_SELF = YES;
				CLANG_WARN_OBJC_LITERAL_CONVERSION = YES;
				CLANG_WARN_OBJC_ROOT_CLASS = YES_ERROR;
				CLANG_WARN_QUOTED_INCLUDE_IN_FRAMEWORK_HEADER = YES;
				CLANG_WARN_RANGE_LOOP_ANALYSIS = YES;
				CLANG_WARN_STRICT_PROTOTYPES = YES;
				CLANG_WARN_SUSPICIOUS_MOVE = YES;
				CLANG_WARN_UNGUARDED_AVAILABILITY = YES_AGGRESSIVE;
				CLANG_WARN_UNREACHABLE_CODE = YES;
				CLANG_WARN__DUPLICATE_METHOD_MATCH = YES;
				COPY_PHASE_STRIP = NO;
				DEBUG_INFORMATION_FORMAT = "dwarf-with-dsym";
				ENABLE_NS_ASSERTIONS = NO;
				ENABLE_STRICT_OBJC_MSGSEND = YES;
				ENABLE_USER_SCRIPT_SANDBOXING = YES;
				GCC_C_LANGUAGE_STANDARD = gnu17;
				GCC_NO_COMMON_BLOCKS = YES;
				GCC_WARN_64_TO_32_BIT_CONVERSION = YES;
				GCC_WARN_ABOUT_RETURN_TYPE = YES_ERROR;
				GCC_WARN_UNDECLARED_SELECTOR = YES;
				GCC_WARN_UNINITIALIZED_AUTOS = YES_AGGRESSIVE;
				GCC_WARN_UNUSED_FUNCTION = YES;
				GCC_WARN_UNUSED_VARIABLE = YES;
				IPHONEOS_DEPLOYMENT_TARGET = 17.5;
				LOCALIZATION_PREFERS_STRING_CATALOGS = YES;
				MTL_ENABLE_DEBUG_INFO = NO;
				MTL_FAST_MATH = YES;
				SDKROOT = iphoneos;
				SWIFT_COMPILATION_MODE = wholemodule;
				VALIDATE_PRODUCT = YES;
			};
			name = Release;
		};
		96349E552C23ED5F0097529D /* Debug */ = {
			isa = XCBuildConfiguration;
			buildSettings = {
				ASSETCATALOG_COMPILER_APPICON_NAME = AppIcon;
				ASSETCATALOG_COMPILER_GLOBAL_ACCENT_COLOR_NAME = AccentColor;
				CODE_SIGN_STYLE = Automatic;
				CURRENT_PROJECT_VERSION = 1;
				GENERATE_INFOPLIST_FILE = YES;
				INFOPLIST_FILE = GHFollowers/Info.plist;
				INFOPLIST_KEY_CFBundleDisplayName = GHFollowers;
				INFOPLIST_KEY_UIApplicationSupportsIndirectInputEvents = YES;
				INFOPLIST_KEY_UILaunchStoryboardName = LaunchScreen;
				INFOPLIST_KEY_UISupportedInterfaceOrientations = UIInterfaceOrientationPortrait;
				LD_RUNPATH_SEARCH_PATHS = (
					"$(inherited)",
					"@executable_path/Frameworks",
				);
				MARKETING_VERSION = 1.0;
				PRODUCT_BUNDLE_IDENTIFIER = "Shivam-Rishi.GHFollowers";
				PRODUCT_NAME = "$(TARGET_NAME)";
				SUPPORTED_PLATFORMS = "iphoneos iphonesimulator";
				SUPPORTS_MACCATALYST = NO;
				SUPPORTS_MAC_DESIGNED_FOR_IPHONE_IPAD = NO;
				SUPPORTS_XR_DESIGNED_FOR_IPHONE_IPAD = NO;
				SWIFT_EMIT_LOC_STRINGS = YES;
				SWIFT_VERSION = 5.0;
				TARGETED_DEVICE_FAMILY = 1;
			};
			name = Debug;
		};
		96349E562C23ED5F0097529D /* Release */ = {
			isa = XCBuildConfiguration;
			buildSettings = {
				ASSETCATALOG_COMPILER_APPICON_NAME = AppIcon;
				ASSETCATALOG_COMPILER_GLOBAL_ACCENT_COLOR_NAME = AccentColor;
				CODE_SIGN_STYLE = Automatic;
				CURRENT_PROJECT_VERSION = 1;
				GENERATE_INFOPLIST_FILE = YES;
				INFOPLIST_FILE = GHFollowers/Info.plist;
				INFOPLIST_KEY_CFBundleDisplayName = GHFollowers;
				INFOPLIST_KEY_UIApplicationSupportsIndirectInputEvents = YES;
				INFOPLIST_KEY_UILaunchStoryboardName = LaunchScreen;
				INFOPLIST_KEY_UISupportedInterfaceOrientations = UIInterfaceOrientationPortrait;
				LD_RUNPATH_SEARCH_PATHS = (
					"$(inherited)",
					"@executable_path/Frameworks",
				);
				MARKETING_VERSION = 1.0;
				PRODUCT_BUNDLE_IDENTIFIER = "Shivam-Rishi.GHFollowers";
				PRODUCT_NAME = "$(TARGET_NAME)";
				SUPPORTED_PLATFORMS = "iphoneos iphonesimulator";
				SUPPORTS_MACCATALYST = NO;
				SUPPORTS_MAC_DESIGNED_FOR_IPHONE_IPAD = NO;
				SUPPORTS_XR_DESIGNED_FOR_IPHONE_IPAD = NO;
				SWIFT_EMIT_LOC_STRINGS = YES;
				SWIFT_VERSION = 5.0;
				TARGETED_DEVICE_FAMILY = 1;
			};
			name = Release;
		};
/* End XCBuildConfiguration section */

/* Begin XCConfigurationList section */
		96349E3B2C23ED5E0097529D /* Build configuration list for PBXProject "GHFollowers" */ = {
			isa = XCConfigurationList;
			buildConfigurations = (
				96349E522C23ED5F0097529D /* Debug */,
				96349E532C23ED5F0097529D /* Release */,
			);
			defaultConfigurationIsVisible = 0;
			defaultConfigurationName = Release;
		};
		96349E542C23ED5F0097529D /* Build configuration list for PBXNativeTarget "GHFollowers" */ = {
			isa = XCConfigurationList;
			buildConfigurations = (
				96349E552C23ED5F0097529D /* Debug */,
				96349E562C23ED5F0097529D /* Release */,
			);
			defaultConfigurationIsVisible = 0;
			defaultConfigurationName = Release;
		};
/* End XCConfigurationList section */
	};
	rootObject = 96349E382C23ED5E0097529D /* Project object */;
}
